
Microsoft Visual Studio Solution File, Format Version 12.00
# Visual Studio Version 17
VisualStudioVersion = 17.10.35004.147
MinimumVisualStudioVersion = 10.0.40219.1
Project("{FAE04EC0-301F-11D3-BF4B-00C04F79EFBC}") = "CQRSPattern", "CQRSPattern.csproj", "{686CB3F5-7867-4D5B-ACDC-362F1F2EC0D3}"
EndProject
Global
	GlobalSection(SolutionConfigurationPlatforms) = preSolution
		Debug|Any CPU = Debug|Any CPU
		Release|Any CPU = Release|Any CPU
	EndGlobalSection
	GlobalSection(ProjectConfigurationPlatforms) = postSolution
		{686CB3F5-7867-4D5B-ACDC-362F1F2EC0D3}.Debug|Any CPU.ActiveCfg = Debug|Any CPU
		{686CB3F5-7867-4D5B-ACDC-362F1F2EC0D3}.Debug|Any CPU.Build.0 = Debug|Any CPU
		{686CB3F5-7867-4D5B-ACDC-362F1F2EC0D3}.Release|Any CPU.ActiveCfg = Release|Any CPU
		{686CB3F5-7867-4D5B-ACDC-362F1F2EC0D3}.Release|Any CPU.Build.0 = Release|Any CPU
	EndGlobalSection
	GlobalSection(SolutionProperties) = preSolution
		HideSolutionNode = FALSE
	EndGlobalSection
	GlobalSection(ExtensibilityGlobals) = postSolution
		SolutionGuid = {8B84772F-DA3A-4844-AEA4-428C44B58252}
	EndGlobalSection
EndGlobal
